{
  "requires": true,
  "lockfileVersion": 1,
  "dependencies": {
    "plotly.js-dist": {
      "version": "1.44.3",
      "resolved": "https://registry.npmjs.org/plotly.js-dist/-/plotly.js-dist-1.44.3.tgz",
      "integrity": "sha512-VLMRLcFcikEJhxSqh+ynnfkrWiDfAMpYBseakTX3cgmozXIuANXHEq2ggh5tXosNprRV1rT55/7YXmglbKk2hw=="
    }
  }
}
